
Microsoft Visual Studio Solution File, Format Version 12.00
# Visual Studio Version 17
VisualStudioVersion = 17.4.33205.214
MinimumVisualStudioVersion = 10.0.40219.1
Project("{2150E333-8FDC-42A3-9474-1A3956D46DE8}") = "src", "src", "{60FFCE9C-0D1C-4080-99D6-C6DFBD14BB7D}"
EndProject
Project("{2150E333-8FDC-42A3-9474-1A3956D46DE8}") = "API", "API", "{55354A46-BBF2-482E-B2D4-1804C0B2B3D1}"
EndProject
Project("{2150E333-8FDC-42A3-9474-1A3956D46DE8}") = "DataAccess", "DataAccess", "{E042EC9F-FC37-4D21-BE6F-542E0965F9B0}"
EndProject
Project("{2150E333-8FDC-42A3-9474-1A3956D46DE8}") = "WebAPI", "WebAPI", "{E25D6969-393F-4866-BA64-E8AA09BDDCD5}"
EndProject
Project("{FAE04EC0-301F-11D3-BF4B-00C04F79EFBC}") = "GreetUs_DataAccess", "GreetUs_DataAccess\GreetUs_DataAccess.csproj", "{46BAE264-D2C7-416D-84BB-423C262F5F5F}"
EndProject
Project("{FAE04EC0-301F-11D3-BF4B-00C04F79EFBC}") = "GreetUs_API", "GreetUs_API\GreetUs_API.csproj", "{880948DC-CAF1-4ED4-A3CE-AA84BCED6CD9}"
EndProject
Project("{FAE04EC0-301F-11D3-BF4B-00C04F79EFBC}") = "GreetUs_WepAPI", "GreetUs_WepAPI\GreetUs_WepAPI.csproj", "{6005EB46-0A2F-4767-9071-255291CF9FA6}"
EndProject
Project("{2150E333-8FDC-42A3-9474-1A3956D46DE8}") = "SQLScripts", "SQLScripts", "{759FD5AF-B2DD-4341-8673-17D4618C7787}"
	ProjectSection(SolutionItems) = preProject
		Database_and_Tables_Create.sql = Database_and_Tables_Create.sql
		Database_Create.sql = Database_Create.sql
		Database_Delete.sql = Database_Delete.sql
		TestData_Create.sql = TestData_Create.sql
		Tables_Create.sql = Tables_Create.sql
		Tables_Delete.sql = Tables_Delete.sql
		TestData_Delete.sql = TestData_Delete.sql
	EndProjectSection
EndProject
Global
	GlobalSection(SolutionConfigurationPlatforms) = preSolution
		Debug|Any CPU = Debug|Any CPU
		Release|Any CPU = Release|Any CPU
	EndGlobalSection
	GlobalSection(ProjectConfigurationPlatforms) = postSolution
		{46BAE264-D2C7-416D-84BB-423C262F5F5F}.Debug|Any CPU.ActiveCfg = Debug|Any CPU
		{46BAE264-D2C7-416D-84BB-423C262F5F5F}.Debug|Any CPU.Build.0 = Debug|Any CPU
		{46BAE264-D2C7-416D-84BB-423C262F5F5F}.Release|Any CPU.ActiveCfg = Release|Any CPU
		{46BAE264-D2C7-416D-84BB-423C262F5F5F}.Release|Any CPU.Build.0 = Release|Any CPU
		{880948DC-CAF1-4ED4-A3CE-AA84BCED6CD9}.Debug|Any CPU.ActiveCfg = Debug|Any CPU
		{880948DC-CAF1-4ED4-A3CE-AA84BCED6CD9}.Debug|Any CPU.Build.0 = Debug|Any CPU
		{880948DC-CAF1-4ED4-A3CE-AA84BCED6CD9}.Release|Any CPU.ActiveCfg = Release|Any CPU
		{880948DC-CAF1-4ED4-A3CE-AA84BCED6CD9}.Release|Any CPU.Build.0 = Release|Any CPU
		{6005EB46-0A2F-4767-9071-255291CF9FA6}.Debug|Any CPU.ActiveCfg = Debug|Any CPU
		{6005EB46-0A2F-4767-9071-255291CF9FA6}.Debug|Any CPU.Build.0 = Debug|Any CPU
		{6005EB46-0A2F-4767-9071-255291CF9FA6}.Release|Any CPU.ActiveCfg = Release|Any CPU
		{6005EB46-0A2F-4767-9071-255291CF9FA6}.Release|Any CPU.Build.0 = Release|Any CPU
	EndGlobalSection
	GlobalSection(SolutionProperties) = preSolution
		HideSolutionNode = FALSE
	EndGlobalSection
	GlobalSection(NestedProjects) = preSolution
		{55354A46-BBF2-482E-B2D4-1804C0B2B3D1} = {60FFCE9C-0D1C-4080-99D6-C6DFBD14BB7D}
		{E042EC9F-FC37-4D21-BE6F-542E0965F9B0} = {60FFCE9C-0D1C-4080-99D6-C6DFBD14BB7D}
		{E25D6969-393F-4866-BA64-E8AA09BDDCD5} = {60FFCE9C-0D1C-4080-99D6-C6DFBD14BB7D}
		{46BAE264-D2C7-416D-84BB-423C262F5F5F} = {E042EC9F-FC37-4D21-BE6F-542E0965F9B0}
		{880948DC-CAF1-4ED4-A3CE-AA84BCED6CD9} = {55354A46-BBF2-482E-B2D4-1804C0B2B3D1}
		{6005EB46-0A2F-4767-9071-255291CF9FA6} = {E25D6969-393F-4866-BA64-E8AA09BDDCD5}
		{759FD5AF-B2DD-4341-8673-17D4618C7787} = {60FFCE9C-0D1C-4080-99D6-C6DFBD14BB7D}
	EndGlobalSection
	GlobalSection(ExtensibilityGlobals) = postSolution
		SolutionGuid = {B9418C10-ACFC-4E4B-8E6D-70BA86BFA1CA}
	EndGlobalSection
EndGlobal
